# Generated by buf. DO NOT EDIT.
version: v2
deps:
  - name: buf.build/fernet/proto-cli
    commit: 238e00ca385c455c9a913a3dda2f61b1
    digest: b5:b1cadd6bccd11310d886a99be830e61a3bdebfaae97d2f6adbfba6e317b225dcd64d80a81b7c272b63b07856a3c09f2d9c2971f6a130827103ca6a9902c1e619
  - name: buf.build/googleapis/googleapis
    commit: 004180b77378443887d3b55cabc00384
    digest: b5:e8f475fe3330f31f5fd86ac689093bcd274e19611a09db91f41d637cb9197881ce89882b94d13a58738e53c91c6e4bae7dc1feba85f590164c975a89e25115dc
