# Generated by buf. DO NOT EDIT.
version: v2
deps:
  - name: buf.build/fernet/proto-cli
    commit: 0197520eb14e45e8afacd865a1a5092a
    digest: b5:bd28489838c6af67301ff6ee844bb94818703b278cdd9e3f8456da93a3d816dd0933dc588a5d98e361e60618ea658ef572123a28a42bdde56c919fd3e4b11770
  - name: buf.build/googleapis/googleapis
    commit: 004180b77378443887d3b55cabc00384
    digest: b5:e8f475fe3330f31f5fd86ac689093bcd274e19611a09db91f41d637cb9197881ce89882b94d13a58738e53c91c6e4bae7dc1feba85f590164c975a89e25115dc
